
Microsoft Visual Studio Solution File, Format Version 12.00
# Visual Studio Version 17
VisualStudioVersion = 17.14.35906.104 d17.14
MinimumVisualStudioVersion = 10.0.40219.1
Project("{FAE04EC0-301F-11D3-BF4B-00C04F79EFBC}") = "app_desktop", "app_desktop\app_desktop.csproj", "{47994078-8789-46AD-8AD1-FAF205521C3C}"
EndProject
Project("{FAE04EC0-301F-11D3-BF4B-00C04F79EFBC}") = "app_server", "app_server\app_server.csproj", "{A12F5D7E-F947-49F4-AE6C-FF7862797FB6}"
EndProject
Global
	GlobalSection(SolutionConfigurationPlatforms) = preSolution
		Debug|Any CPU = Debug|Any CPU
		Release|Any CPU = Release|Any CPU
	EndGlobalSection
	GlobalSection(ProjectConfigurationPlatforms) = postSolution
		{47994078-8789-46AD-8AD1-FAF205521C3C}.Debug|Any CPU.ActiveCfg = Debug|Any CPU
		{47994078-8789-46AD-8AD1-FAF205521C3C}.Debug|Any CPU.Build.0 = Debug|Any CPU
		{47994078-8789-46AD-8AD1-FAF205521C3C}.Release|Any CPU.ActiveCfg = Release|Any CPU
		{47994078-8789-46AD-8AD1-FAF205521C3C}.Release|Any CPU.Build.0 = Release|Any CPU
		{A12F5D7E-F947-49F4-AE6C-FF7862797FB6}.Debug|Any CPU.ActiveCfg = Debug|Any CPU
		{A12F5D7E-F947-49F4-AE6C-FF7862797FB6}.Debug|Any CPU.Build.0 = Debug|Any CPU
		{A12F5D7E-F947-49F4-AE6C-FF7862797FB6}.Release|Any CPU.ActiveCfg = Release|Any CPU
		{A12F5D7E-F947-49F4-AE6C-FF7862797FB6}.Release|Any CPU.Build.0 = Release|Any CPU
	EndGlobalSection
	GlobalSection(SolutionProperties) = preSolution
		HideSolutionNode = FALSE
	EndGlobalSection
	GlobalSection(ExtensibilityGlobals) = postSolution
		SolutionGuid = {374BF98B-6FD7-4A72-AC6D-C1C31173456F}
	EndGlobalSection
EndGlobal
